
Microsoft Visual Studio Solution File, Format Version 12.00
# Visual Studio Version 17
VisualStudioVersion = 17.5.002.0
MinimumVisualStudioVersion = 10.0.40219.1
Project("{9A19103F-16F7-4668-BE54-9A1E7A4F7556}") = "MadLibs", "MadLibs\MadLibs.csproj", "{34AAC65F-58A5-4E74-BDC7-634F7D89080A}"
EndProject
Project("{9A19103F-16F7-4668-BE54-9A1E7A4F7556}") = "MadLibs.Tests", "MadLibs.Tests\MadLibs.Tests.csproj", "{44812BA7-96BD-47D6-B7DF-85FA47112B83}"
EndProject
Global
	GlobalSection(SolutionConfigurationPlatforms) = preSolution
		Debug|Any CPU = Debug|Any CPU
		Release|Any CPU = Release|Any CPU
	EndGlobalSection
	GlobalSection(ProjectConfigurationPlatforms) = postSolution
		{34AAC65F-58A5-4E74-BDC7-634F7D89080A}.Debug|Any CPU.ActiveCfg = Debug|Any CPU
		{34AAC65F-58A5-4E74-BDC7-634F7D89080A}.Debug|Any CPU.Build.0 = Debug|Any CPU
		{34AAC65F-58A5-4E74-BDC7-634F7D89080A}.Release|Any CPU.ActiveCfg = Release|Any CPU
		{34AAC65F-58A5-4E74-BDC7-634F7D89080A}.Release|Any CPU.Build.0 = Release|Any CPU
		{44812BA7-96BD-47D6-B7DF-85FA47112B83}.Debug|Any CPU.ActiveCfg = Debug|Any CPU
		{44812BA7-96BD-47D6-B7DF-85FA47112B83}.Debug|Any CPU.Build.0 = Debug|Any CPU
		{44812BA7-96BD-47D6-B7DF-85FA47112B83}.Release|Any CPU.ActiveCfg = Release|Any CPU
		{44812BA7-96BD-47D6-B7DF-85FA47112B83}.Release|Any CPU.Build.0 = Release|Any CPU
	EndGlobalSection
	GlobalSection(SolutionProperties) = preSolution
		HideSolutionNode = FALSE
	EndGlobalSection
	GlobalSection(ExtensibilityGlobals) = postSolution
		SolutionGuid = {7F5FDB78-E300-44C9-873A-D0CD7889204A}
	EndGlobalSection
EndGlobal
